
Microsoft Visual Studio Solution File, Format Version 12.00
# Visual Studio 15
VisualStudioVersion = 15.0.26430.14
MinimumVisualStudioVersion = 10.0.40219.1
Project("{FAE04EC0-301F-11D3-BF4B-00C04F79EFBC}") = "Clone-TailleduCode", "Clone-TailleduCode\Clone-TailleduCode.csproj", "{C5B8EF92-FCD0-4264-890A-9AEB43EF1607}"
EndProject
Project("{FAE04EC0-301F-11D3-BF4B-00C04F79EFBC}") = "ThorTailleDuCode", "ThorTailleDuCode\ThorTailleDuCode.csproj", "{D2263B3F-FD72-4BED-B5EF-10C68F0C020A}"
EndProject
Project("{FAE04EC0-301F-11D3-BF4B-00C04F79EFBC}") = "Apu Phase D'initialisation", "Apu Phase D'initialisation\Apu Phase D'initialisation.csproj", "{8DF77E07-C5B0-4D67-B933-407F03CDC8B8}"
EndProject
Project("{FAE04EC0-301F-11D3-BF4B-00C04F79EFBC}") = "Teeds", "Teeds\Teeds.csproj", "{65E8DD2D-01CE-4DCC-AE1C-89F970ACE485}"
EndProject
Project("{FAE04EC0-301F-11D3-BF4B-00C04F79EFBC}") = "calcul maya", "calcul maya\calcul maya.csproj", "{A93C4CD2-913E-43BB-9A27-622529EC3BC8}"
EndProject
Project("{FAE04EC0-301F-11D3-BF4B-00C04F79EFBC}") = "Super Calculateur", "Super Calculateur\Super Calculateur.csproj", "{CC2390C5-003F-4AB8-9039-D46848265102}"
EndProject
Project("{FAE04EC0-301F-11D3-BF4B-00C04F79EFBC}") = "CodedUITestProject1", "CodedUITestProject1\CodedUITestProject1.csproj", "{467D151C-F446-4D55-BF60-33B19D595B0E}"
EndProject
Project("{FAE04EC0-301F-11D3-BF4B-00C04F79EFBC}") = "IndianaNiv3", "IndianaNiv3\IndianaNiv3.csproj", "{81104870-0F3F-43B3-865D-CE0BE79598E8}"
EndProject
Project("{FAE04EC0-301F-11D3-BF4B-00C04F79EFBC}") = "CodeOfTheRing", "CodeOfTheRing\CodeOfTheRing.csproj", "{DB90A9FB-4FCC-416C-B20C-7D052AA92E32}"
EndProject
Project("{FAE04EC0-301F-11D3-BF4B-00C04F79EFBC}") = "ThorContreLesGeants", "ThorContreLesGeants\ThorContreLesGeants.csproj", "{C61C00C7-15BD-4FD9-B077-75A34BD27ABB}"
EndProject
Project("{FAE04EC0-301F-11D3-BF4B-00C04F79EFBC}") = "Surface", "Surface\Surface.csproj", "{A140D995-BA73-4B86-BD1E-4A2715F44512}"
EndProject
Project("{FAE04EC0-301F-11D3-BF4B-00C04F79EFBC}") = "Defibrillateur", "Defibrillateur\Defibrillateur.csproj", "{0E6565F5-7036-4564-85D2-940E25269525}"
EndProject
Project("{FAE04EC0-301F-11D3-BF4B-00C04F79EFBC}") = "MimeType", "MimeType\MimeType.csproj", "{E5C1429D-E92E-423A-A640-2A27A2FB1209}"
EndProject
Project("{FAE04EC0-301F-11D3-BF4B-00C04F79EFBC}") = "EgyptianMultiplication", "EgyptianMultiplication\EgyptianMultiplication.csproj", "{7D74FECE-09D4-46D2-B4CF-9813F55FBC80}"
EndProject
Project("{FAE04EC0-301F-11D3-BF4B-00C04F79EFBC}") = "HowTimeFlies", "HowTimeFlies\HowTimeFlies.csproj", "{6239CF7E-08F7-4522-B590-C5BBC933399F}"
EndProject
Project("{FAE04EC0-301F-11D3-BF4B-00C04F79EFBC}") = "ArmyAnts", "ArmyAnts\ArmyAnts.csproj", "{98002712-8C96-4EC7-AAF3-9374C56C7694}"
EndProject
Project("{FAE04EC0-301F-11D3-BF4B-00C04F79EFBC}") = "WondevWoman", "WondevWoman\WondevWoman.csproj", "{90E10F54-D2B2-4CFB-B89C-994E1E57B473}"
EndProject
Project("{FAE04EC0-301F-11D3-BF4B-00C04F79EFBC}") = "bataille", "bataille\bataille.csproj", "{8B558000-B3A5-4E4C-BB1C-A2CAB530E818}"
EndProject
Project("{FAE04EC0-301F-11D3-BF4B-00C04F79EFBC}") = "MarsLander", "MarsLander\MarsLander.csproj", "{765EEFAF-2DFA-4523-8DE3-6546F4FAA8BB}"
EndProject
Project("{FAE04EC0-301F-11D3-BF4B-00C04F79EFBC}") = "MeanMax", "MeanMax\MeanMax.csproj", "{963D09C4-6B57-40E6-AAC8-2F1D7039EA9E}"
EndProject
Project("{FAE04EC0-301F-11D3-BF4B-00C04F79EFBC}") = "plightFellowShipRing", "plightFellowShipRing\plightFellowShipRing.csproj", "{ADF7C7E5-1135-443D-A872-02F21E5BB5D1}"
EndProject
Project("{FAE04EC0-301F-11D3-BF4B-00C04F79EFBC}") = "Hangman", "Hangman\Hangman.csproj", "{2410AC25-077B-45AF-984B-82D1D729072E}"
EndProject
Project("{FAE04EC0-301F-11D3-BF4B-00C04F79EFBC}") = "Bingo", "Bingo\Bingo.csproj", "{397D876F-8AC7-435E-9003-464545D66DC4}"
EndProject
Global
	GlobalSection(SolutionConfigurationPlatforms) = preSolution
		Debug|Any CPU = Debug|Any CPU
		Release|Any CPU = Release|Any CPU
	EndGlobalSection
	GlobalSection(ProjectConfigurationPlatforms) = postSolution
		{C5B8EF92-FCD0-4264-890A-9AEB43EF1607}.Debug|Any CPU.ActiveCfg = Debug|Any CPU
		{C5B8EF92-FCD0-4264-890A-9AEB43EF1607}.Debug|Any CPU.Build.0 = Debug|Any CPU
		{C5B8EF92-FCD0-4264-890A-9AEB43EF1607}.Release|Any CPU.ActiveCfg = Release|Any CPU
		{C5B8EF92-FCD0-4264-890A-9AEB43EF1607}.Release|Any CPU.Build.0 = Release|Any CPU
		{D2263B3F-FD72-4BED-B5EF-10C68F0C020A}.Debug|Any CPU.ActiveCfg = Debug|Any CPU
		{D2263B3F-FD72-4BED-B5EF-10C68F0C020A}.Debug|Any CPU.Build.0 = Debug|Any CPU
		{D2263B3F-FD72-4BED-B5EF-10C68F0C020A}.Release|Any CPU.ActiveCfg = Release|Any CPU
		{D2263B3F-FD72-4BED-B5EF-10C68F0C020A}.Release|Any CPU.Build.0 = Release|Any CPU
		{8DF77E07-C5B0-4D67-B933-407F03CDC8B8}.Debug|Any CPU.ActiveCfg = Debug|Any CPU
		{8DF77E07-C5B0-4D67-B933-407F03CDC8B8}.Debug|Any CPU.Build.0 = Debug|Any CPU
		{8DF77E07-C5B0-4D67-B933-407F03CDC8B8}.Release|Any CPU.ActiveCfg = Release|Any CPU
		{8DF77E07-C5B0-4D67-B933-407F03CDC8B8}.Release|Any CPU.Build.0 = Release|Any CPU
		{65E8DD2D-01CE-4DCC-AE1C-89F970ACE485}.Debug|Any CPU.ActiveCfg = Debug|Any CPU
		{65E8DD2D-01CE-4DCC-AE1C-89F970ACE485}.Debug|Any CPU.Build.0 = Debug|Any CPU
		{65E8DD2D-01CE-4DCC-AE1C-89F970ACE485}.Release|Any CPU.ActiveCfg = Release|Any CPU
		{65E8DD2D-01CE-4DCC-AE1C-89F970ACE485}.Release|Any CPU.Build.0 = Release|Any CPU
		{A93C4CD2-913E-43BB-9A27-622529EC3BC8}.Debug|Any CPU.ActiveCfg = Debug|Any CPU
		{A93C4CD2-913E-43BB-9A27-622529EC3BC8}.Debug|Any CPU.Build.0 = Debug|Any CPU
		{A93C4CD2-913E-43BB-9A27-622529EC3BC8}.Release|Any CPU.ActiveCfg = Release|Any CPU
		{A93C4CD2-913E-43BB-9A27-622529EC3BC8}.Release|Any CPU.Build.0 = Release|Any CPU
		{CC2390C5-003F-4AB8-9039-D46848265102}.Debug|Any CPU.ActiveCfg = Debug|Any CPU
		{CC2390C5-003F-4AB8-9039-D46848265102}.Debug|Any CPU.Build.0 = Debug|Any CPU
		{CC2390C5-003F-4AB8-9039-D46848265102}.Release|Any CPU.ActiveCfg = Release|Any CPU
		{CC2390C5-003F-4AB8-9039-D46848265102}.Release|Any CPU.Build.0 = Release|Any CPU
		{467D151C-F446-4D55-BF60-33B19D595B0E}.Debug|Any CPU.ActiveCfg = Debug|Any CPU
		{467D151C-F446-4D55-BF60-33B19D595B0E}.Debug|Any CPU.Build.0 = Debug|Any CPU
		{467D151C-F446-4D55-BF60-33B19D595B0E}.Release|Any CPU.ActiveCfg = Release|Any CPU
		{467D151C-F446-4D55-BF60-33B19D595B0E}.Release|Any CPU.Build.0 = Release|Any CPU
		{81104870-0F3F-43B3-865D-CE0BE79598E8}.Debug|Any CPU.ActiveCfg = Debug|Any CPU
		{81104870-0F3F-43B3-865D-CE0BE79598E8}.Debug|Any CPU.Build.0 = Debug|Any CPU
		{81104870-0F3F-43B3-865D-CE0BE79598E8}.Release|Any CPU.ActiveCfg = Release|Any CPU
		{81104870-0F3F-43B3-865D-CE0BE79598E8}.Release|Any CPU.Build.0 = Release|Any CPU
		{DB90A9FB-4FCC-416C-B20C-7D052AA92E32}.Debug|Any CPU.ActiveCfg = Debug|Any CPU
		{DB90A9FB-4FCC-416C-B20C-7D052AA92E32}.Debug|Any CPU.Build.0 = Debug|Any CPU
		{DB90A9FB-4FCC-416C-B20C-7D052AA92E32}.Release|Any CPU.ActiveCfg = Release|Any CPU
		{DB90A9FB-4FCC-416C-B20C-7D052AA92E32}.Release|Any CPU.Build.0 = Release|Any CPU
		{C61C00C7-15BD-4FD9-B077-75A34BD27ABB}.Debug|Any CPU.ActiveCfg = Debug|Any CPU
		{C61C00C7-15BD-4FD9-B077-75A34BD27ABB}.Debug|Any CPU.Build.0 = Debug|Any CPU
		{C61C00C7-15BD-4FD9-B077-75A34BD27ABB}.Release|Any CPU.ActiveCfg = Release|Any CPU
		{C61C00C7-15BD-4FD9-B077-75A34BD27ABB}.Release|Any CPU.Build.0 = Release|Any CPU
		{A140D995-BA73-4B86-BD1E-4A2715F44512}.Debug|Any CPU.ActiveCfg = Debug|Any CPU
		{A140D995-BA73-4B86-BD1E-4A2715F44512}.Debug|Any CPU.Build.0 = Debug|Any CPU
		{A140D995-BA73-4B86-BD1E-4A2715F44512}.Release|Any CPU.ActiveCfg = Release|Any CPU
		{A140D995-BA73-4B86-BD1E-4A2715F44512}.Release|Any CPU.Build.0 = Release|Any CPU
		{0E6565F5-7036-4564-85D2-940E25269525}.Debug|Any CPU.ActiveCfg = Debug|Any CPU
		{0E6565F5-7036-4564-85D2-940E25269525}.Debug|Any CPU.Build.0 = Debug|Any CPU
		{0E6565F5-7036-4564-85D2-940E25269525}.Release|Any CPU.ActiveCfg = Release|Any CPU
		{0E6565F5-7036-4564-85D2-940E25269525}.Release|Any CPU.Build.0 = Release|Any CPU
		{E5C1429D-E92E-423A-A640-2A27A2FB1209}.Debug|Any CPU.ActiveCfg = Debug|Any CPU
		{E5C1429D-E92E-423A-A640-2A27A2FB1209}.Debug|Any CPU.Build.0 = Debug|Any CPU
		{E5C1429D-E92E-423A-A640-2A27A2FB1209}.Release|Any CPU.ActiveCfg = Release|Any CPU
		{E5C1429D-E92E-423A-A640-2A27A2FB1209}.Release|Any CPU.Build.0 = Release|Any CPU
		{7D74FECE-09D4-46D2-B4CF-9813F55FBC80}.Debug|Any CPU.ActiveCfg = Debug|Any CPU
		{7D74FECE-09D4-46D2-B4CF-9813F55FBC80}.Debug|Any CPU.Build.0 = Debug|Any CPU
		{7D74FECE-09D4-46D2-B4CF-9813F55FBC80}.Release|Any CPU.ActiveCfg = Release|Any CPU
		{7D74FECE-09D4-46D2-B4CF-9813F55FBC80}.Release|Any CPU.Build.0 = Release|Any CPU
		{6239CF7E-08F7-4522-B590-C5BBC933399F}.Debug|Any CPU.ActiveCfg = Debug|Any CPU
		{6239CF7E-08F7-4522-B590-C5BBC933399F}.Debug|Any CPU.Build.0 = Debug|Any CPU
		{6239CF7E-08F7-4522-B590-C5BBC933399F}.Release|Any CPU.ActiveCfg = Release|Any CPU
		{6239CF7E-08F7-4522-B590-C5BBC933399F}.Release|Any CPU.Build.0 = Release|Any CPU
		{98002712-8C96-4EC7-AAF3-9374C56C7694}.Debug|Any CPU.ActiveCfg = Debug|Any CPU
		{98002712-8C96-4EC7-AAF3-9374C56C7694}.Debug|Any CPU.Build.0 = Debug|Any CPU
		{98002712-8C96-4EC7-AAF3-9374C56C7694}.Release|Any CPU.ActiveCfg = Release|Any CPU
		{98002712-8C96-4EC7-AAF3-9374C56C7694}.Release|Any CPU.Build.0 = Release|Any CPU
		{90E10F54-D2B2-4CFB-B89C-994E1E57B473}.Debug|Any CPU.ActiveCfg = Debug|Any CPU
		{90E10F54-D2B2-4CFB-B89C-994E1E57B473}.Debug|Any CPU.Build.0 = Debug|Any CPU
		{90E10F54-D2B2-4CFB-B89C-994E1E57B473}.Release|Any CPU.ActiveCfg = Release|Any CPU
		{90E10F54-D2B2-4CFB-B89C-994E1E57B473}.Release|Any CPU.Build.0 = Release|Any CPU
		{8B558000-B3A5-4E4C-BB1C-A2CAB530E818}.Debug|Any CPU.ActiveCfg = Debug|Any CPU
		{8B558000-B3A5-4E4C-BB1C-A2CAB530E818}.Debug|Any CPU.Build.0 = Debug|Any CPU
		{8B558000-B3A5-4E4C-BB1C-A2CAB530E818}.Release|Any CPU.ActiveCfg = Release|Any CPU
		{8B558000-B3A5-4E4C-BB1C-A2CAB530E818}.Release|Any CPU.Build.0 = Release|Any CPU
		{765EEFAF-2DFA-4523-8DE3-6546F4FAA8BB}.Debug|Any CPU.ActiveCfg = Debug|Any CPU
		{765EEFAF-2DFA-4523-8DE3-6546F4FAA8BB}.Debug|Any CPU.Build.0 = Debug|Any CPU
		{765EEFAF-2DFA-4523-8DE3-6546F4FAA8BB}.Release|Any CPU.ActiveCfg = Release|Any CPU
		{765EEFAF-2DFA-4523-8DE3-6546F4FAA8BB}.Release|Any CPU.Build.0 = Release|Any CPU
		{963D09C4-6B57-40E6-AAC8-2F1D7039EA9E}.Debug|Any CPU.ActiveCfg = Debug|Any CPU
		{963D09C4-6B57-40E6-AAC8-2F1D7039EA9E}.Debug|Any CPU.Build.0 = Debug|Any CPU
		{963D09C4-6B57-40E6-AAC8-2F1D7039EA9E}.Release|Any CPU.ActiveCfg = Release|Any CPU
		{963D09C4-6B57-40E6-AAC8-2F1D7039EA9E}.Release|Any CPU.Build.0 = Release|Any CPU
		{ADF7C7E5-1135-443D-A872-02F21E5BB5D1}.Debug|Any CPU.ActiveCfg = Debug|Any CPU
		{ADF7C7E5-1135-443D-A872-02F21E5BB5D1}.Debug|Any CPU.Build.0 = Debug|Any CPU
		{ADF7C7E5-1135-443D-A872-02F21E5BB5D1}.Release|Any CPU.ActiveCfg = Release|Any CPU
		{ADF7C7E5-1135-443D-A872-02F21E5BB5D1}.Release|Any CPU.Build.0 = Release|Any CPU
		{2410AC25-077B-45AF-984B-82D1D729072E}.Debug|Any CPU.ActiveCfg = Debug|Any CPU
		{2410AC25-077B-45AF-984B-82D1D729072E}.Debug|Any CPU.Build.0 = Debug|Any CPU
		{2410AC25-077B-45AF-984B-82D1D729072E}.Release|Any CPU.ActiveCfg = Release|Any CPU
		{2410AC25-077B-45AF-984B-82D1D729072E}.Release|Any CPU.Build.0 = Release|Any CPU
		{397D876F-8AC7-435E-9003-464545D66DC4}.Debug|Any CPU.ActiveCfg = Debug|Any CPU
		{397D876F-8AC7-435E-9003-464545D66DC4}.Debug|Any CPU.Build.0 = Debug|Any CPU
		{397D876F-8AC7-435E-9003-464545D66DC4}.Release|Any CPU.ActiveCfg = Release|Any CPU
		{397D876F-8AC7-435E-9003-464545D66DC4}.Release|Any CPU.Build.0 = Release|Any CPU
	EndGlobalSection
	GlobalSection(SolutionProperties) = preSolution
		HideSolutionNode = FALSE
	EndGlobalSection
EndGlobal
